<?xml version="1.0" encoding="utf-8"?>
<Project ToolsVersion="4.0" xmlns="http://schemas.microsoft.com/developer/msbuild/2003">
  <ItemGroup>
    <ClCompile Include="Application\FacadeModele.cpp" />
    <ClCompile Include="Application\Partie.cpp" />
    <ClCompile Include="Application\Tournoi.cpp" />
    <ClCompile Include="Arbre\Noeuds\NoeudAraignee.cpp" />
    <ClCompile Include="Arbre\Noeuds\NoeudBonusAccelerateur.cpp" />
    <ClCompile Include="Arbre\Noeuds\NoeudConeCube.cpp" />
    <ClCompile Include="Arbre\Noeuds\NoeudJoueur.cpp" />
    <ClCompile Include="Arbre\Noeuds\NoeudMaillet.cpp" />
    <ClCompile Include="Arbre\Noeuds\NoeudMailletVirtuel.cpp" />
    <ClCompile Include="Arbre\Noeuds\NoeudMuret.cpp" />
    <ClCompile Include="Arbre\Noeuds\NoeudPortail.cpp" />
    <ClCompile Include="Arbre\Noeuds\NoeudRondelle.cpp" />
    <ClCompile Include="Arbre\Noeuds\NoeudTable.cpp" />
    <ClCompile Include="Arbre\Texture.cpp" />
    <ClCompile Include="Configuration\ConfigScene.cpp" />
    <ClCompile Include="Arbre\ArbreRendu.cpp" />
    <ClCompile Include="Arbre\ArbreRenduINF2990.cpp" />
    <ClCompile Include="Arbre\Noeuds\NoeudAbstrait.cpp" />
    <ClCompile Include="Arbre\Noeuds\NoeudComposite.cpp" />
    <ClCompile Include="InterfaceConfiguration.cpp" />
    <ClCompile Include="Interface\FacadeInterfaceNative.cpp" />
    <ClCompile Include="ProfilVirtuel.cpp" />
    <ClCompile Include="Tests\BancTests.cpp" />
    <ClCompile Include="Tests\ConfigSceneTest.cpp" />
    <ClCompile Include="Tests\NoeudAbstraitTest.cpp" />
    <ClCompile Include="VisiteurCollision.cpp" />
    <ClCompile Include="VisiteurDeplacement.cpp" />
    <ClCompile Include="VisiteurDeplacementTest.cpp" />
    <ClCompile Include="VisiteurDuplication.cpp" />
    <ClCompile Include="VisiteurEchelle.cpp" />
    <ClCompile Include="VisiteurEcritureXML.cpp" />
    <ClCompile Include="VisiteurRotation.cpp" />
    <ClCompile Include="VisiteurSelection.cpp" />
    <ClCompile Include="VisiteurSerialization.cpp" />
    <ClCompile Include="VisiteurSuppression.cpp" />
    <ClCompile Include="Arbre\Noeuds\NoeudCercle.cpp" />
    <ClCompile Include="Arbre\Noeuds\PointControl.cpp" />
  </ItemGroup>
  <ItemGroup>
    <ClInclude Include="Application\FacadeModele.h" />
    <ClInclude Include="Application\Partie.h" />
    <ClInclude Include="Application\Tournoi.h" />
    <ClInclude Include="Arbre\Noeuds\NoeudAraignee.h" />
    <ClInclude Include="Arbre\Noeuds\NoeudBonusAccelerateur.h" />
    <ClInclude Include="Arbre\Noeuds\NoeudConeCube.h" />
    <ClInclude Include="Arbre\Noeuds\NoeudJoueur.h" />
    <ClInclude Include="Arbre\Noeuds\NoeudMaillet.h" />
    <ClInclude Include="Arbre\Noeuds\NoeudMailletVirtuel.h" />
    <ClInclude Include="Arbre\Noeuds\NoeudMuret.h" />
    <ClInclude Include="Arbre\Noeuds\NoeudPortail.h" />
    <ClInclude Include="Arbre\Noeuds\NoeudRondelle.h" />
    <ClInclude Include="Arbre\Noeuds\NoeudTable.h" />
    <ClInclude Include="Arbre\Noeuds\NoeudTypes.h" />
    <ClInclude Include="Arbre\Texture.h" />
    <ClInclude Include="Arbre\Usines\UsineNoeudBonusAccelerateur.h" />
    <ClInclude Include="Arbre\Usines\UsineNoeudMaillet1.h" />
    <ClInclude Include="Arbre\Usines\UsineNoeudMailletVirtuel.h" />
    <ClInclude Include="Arbre\Usines\UsineNoeudMuret.h" />
    <ClInclude Include="Arbre\Usines\UsineNoeudPortail.h" />
    <ClInclude Include="Arbre\Usines\UsineNoeudRondelle.h" />
    <ClInclude Include="Arbre\Usines\UsineNoeudTable.h" />
    <ClInclude Include="Configuration\ConfigScene.h" />
    <ClInclude Include="Arbre\ArbreRendu.h" />
    <ClInclude Include="Arbre\ArbreRenduINF2990.h" />
    <ClInclude Include="Arbre\Usines\UsineNoeud.h" />
    <ClInclude Include="Arbre\Noeuds\NoeudAbstrait.h" />
    <ClInclude Include="Arbre\Noeuds\NoeudComposite.h" />
    <ClInclude Include="InterfaceConfiguration.h" />
    <ClInclude Include="Interface\FacadeInterfaceNative.h" />
    <ClInclude Include="ProfilVirtuel.h" />
    <ClInclude Include="Tests\BancTests.h" />
    <ClInclude Include="Tests\ConfigSceneTest.h" />
    <ClInclude Include="Tests\NoeudAbstraitTest.h" />
    <ClInclude Include="UsineNoeudMaillet2.h" />
    <ClInclude Include="VisiteurAbstrait.h" />
    <ClInclude Include="VisiteurCollision.h" />
    <ClInclude Include="VisiteurDeplacement.h" />
    <ClInclude Include="VisiteurDeplacementTest.h" />
    <ClInclude Include="VisiteurDuplication.h" />
    <ClInclude Include="VisiteurEchelle.h" />
    <ClInclude Include="VisiteurEcritureXML.h" />
    <ClInclude Include="VisiteurRotation.h" />
    <ClInclude Include="VisiteurSelection.h" />
    <ClInclude Include="VisiteurSerialization.h" />
    <ClInclude Include="VisiteurSuppression.h" />
    <ClInclude Include="Arbre\Noeuds\NoeudCercle.h" />
    <ClInclude Include="Arbre\Usines\UsineNoeudCercle.h" />
    <ClInclude Include="Arbre\Noeuds\PointControl.h" />
    <ClInclude Include="Arbre\Usines\UsinePointControl.h" />
  </ItemGroup>
</Project>